// !$*UTF8*$!
{
	archiveVersion = 1;
	classes = {
	};
	objectVersion = 56;
	objects = {

/* Begin PBXBuildFile section */
		A54AF57F2970D23A00178D19 /* MediAndUtilitiesCell.swift in Sources */ = {isa = PBXBuildFile; fileRef = A54AF57E2970D23A00178D19 /* MediAndUtilitiesCell.swift */; };
		A572C6D8296F5FCB006EC801 /* AppDelegate.swift in Sources */ = {isa = PBXBuildFile; fileRef = A572C6D7296F5FCB006EC801 /* AppDelegate.swift */; };
		A572C6DA296F5FCB006EC801 /* SceneDelegate.swift in Sources */ = {isa = PBXBuildFile; fileRef = A572C6D9296F5FCB006EC801 /* SceneDelegate.swift */; };
		A572C6DC296F5FCB006EC801 /* AlbumsViewController.swift in Sources */ = {isa = PBXBuildFile; fileRef = A572C6DB296F5FCB006EC801 /* AlbumsViewController.swift */; };
		A572C6E1296F5FCC006EC801 /* Assets.xcassets in Resources */ = {isa = PBXBuildFile; fileRef = A572C6E0296F5FCC006EC801 /* Assets.xcassets */; };
		A572C6E4296F5FCC006EC801 /* LaunchScreen.storyboard in Resources */ = {isa = PBXBuildFile; fileRef = A572C6E2296F5FCC006EC801 /* LaunchScreen.storyboard */; };
		A572C6EF296F6777006EC801 /* Albums Model.swift in Sources */ = {isa = PBXBuildFile; fileRef = A572C6EE296F6777006EC801 /* Albums Model.swift */; };
		A572C6F1296F6B46006EC801 /* AlbumsCell.swift in Sources */ = {isa = PBXBuildFile; fileRef = A572C6F0296F6B46006EC801 /* AlbumsCell.swift */; };
		A572C6F3296F7AA9006EC801 /* AlbumsCellHeader.swift in Sources */ = {isa = PBXBuildFile; fileRef = A572C6F2296F7AA9006EC801 /* AlbumsCellHeader.swift */; };
		A572C6F5296F8F13006EC801 /* MyAlbumViewCell.swift in Sources */ = {isa = PBXBuildFile; fileRef = A572C6F4296F8F13006EC801 /* MyAlbumViewCell.swift */; };
/* End PBXBuildFile section */

/* Begin PBXFileReference section */
		A54AF57E2970D23A00178D19 /* MediAndUtilitiesCell.swift */ = {isa = PBXFileReference; lastKnownFileType = sourcecode.swift; path = MediAndUtilitiesCell.swift; sourceTree = "<group>"; };
		A572C6D4296F5FCB006EC801 /* Home Work 14.app */ = {isa = PBXFileReference; explicitFileType = wrapper.application; includeInIndex = 0; path = "Home Work 14.app"; sourceTree = BUILT_PRODUCTS_DIR; };
		A572C6D7296F5FCB006EC801 /* AppDelegate.swift */ = {isa = PBXFileReference; lastKnownFileType = sourcecode.swift; path = AppDelegate.swift; sourceTree = "<group>"; };
		A572C6D9296F5FCB006EC801 /* SceneDelegate.swift */ = {isa = PBXFileReference; lastKnownFileType = sourcecode.swift; path = SceneDelegate.swift; sourceTree = "<group>"; };
		A572C6DB296F5FCB006EC801 /* AlbumsViewController.swift */ = {isa = PBXFileReference; lastKnownFileType = sourcecode.swift; path = AlbumsViewController.swift; sourceTree = "<group>"; };
		A572C6E0296F5FCC006EC801 /* Assets.xcassets */ = {isa = PBXFileReference; lastKnownFileType = folder.assetcatalog; path = Assets.xcassets; sourceTree = "<group>"; };
		A572C6E3296F5FCC006EC801 /* Base */ = {isa = PBXFileReference; lastKnownFileType = file.storyboard; name = Base; path = Base.lproj/LaunchScreen.storyboard; sourceTree = "<group>"; };
		A572C6E5296F5FCC006EC801 /* Info.plist */ = {isa = PBXFileReference; lastKnownFileType = text.plist.xml; path = Info.plist; sourceTree = "<group>"; };
		A572C6EE296F6777006EC801 /* Albums Model.swift */ = {isa = PBXFileReference; lastKnownFileType = sourcecode.swift; path = "Albums Model.swift"; sourceTree = "<group>"; };
		A572C6F0296F6B46006EC801 /* AlbumsCell.swift */ = {isa = PBXFileReference; lastKnownFileType = sourcecode.swift; path = AlbumsCell.swift; sourceTree = "<group>"; };
		A572C6F2296F7AA9006EC801 /* AlbumsCellHeader.swift */ = {isa = PBXFileReference; lastKnownFileType = sourcecode.swift; path = AlbumsCellHeader.swift; sourceTree = "<group>"; };
		A572C6F4296F8F13006EC801 /* MyAlbumViewCell.swift */ = {isa = PBXFileReference; lastKnownFileType = sourcecode.swift; path = MyAlbumViewCell.swift; sourceTree = "<group>"; };
/* End PBXFileReference section */

/* Begin PBXFrameworksBuildPhase section */
		A572C6D1296F5FCB006EC801 /* Frameworks */ = {
			isa = PBXFrameworksBuildPhase;
			buildActionMask = 2147483647;
			files = (
			);
			runOnlyForDeploymentPostprocessing = 0;
		};
/* End PBXFrameworksBuildPhase section */

/* Begin PBXGroup section */
		A572C6CB296F5FCB006EC801 = {
			isa = PBXGroup;
			children = (
				A572C6D6296F5FCB006EC801 /* Home Work 14 */,
				A572C6D5296F5FCB006EC801 /* Products */,
			);
			sourceTree = "<group>";
		};
		A572C6D5296F5FCB006EC801 /* Products */ = {
			isa = PBXGroup;
			children = (
				A572C6D4296F5FCB006EC801 /* Home Work 14.app */,
			);
			name = Products;
			sourceTree = "<group>";
		};
		A572C6D6296F5FCB006EC801 /* Home Work 14 */ = {
			isa = PBXGroup;
			children = (
				A572C6EC296F6009006EC801 /* Sources */,
				A572C6EB296F6001006EC801 /* Resources */,
			);
			path = "Home Work 14";
			sourceTree = "<group>";
		};
		A572C6EB296F6001006EC801 /* Resources */ = {
			isa = PBXGroup;
			children = (
				A572C6E0296F5FCC006EC801 /* Assets.xcassets */,
				A572C6E2296F5FCC006EC801 /* LaunchScreen.storyboard */,
				A572C6E5296F5FCC006EC801 /* Info.plist */,
			);
			path = Resources;
			sourceTree = "<group>";
		};
		A572C6EC296F6009006EC801 /* Sources */ = {
			isa = PBXGroup;
			children = (
				A572C6ED296F601E006EC801 /* App */,
				A572C6DB296F5FCB006EC801 /* AlbumsViewController.swift */,
				A572C6EE296F6777006EC801 /* Albums Model.swift */,
				A54AF57E2970D23A00178D19 /* MediAndUtilitiesCell.swift */,
				A572C6F0296F6B46006EC801 /* AlbumsCell.swift */,
				A572C6F2296F7AA9006EC801 /* AlbumsCellHeader.swift */,
				A572C6F4296F8F13006EC801 /* MyAlbumViewCell.swift */,
			);
			path = Sources;
			sourceTree = "<group>";
		};
		A572C6ED296F601E006EC801 /* App */ = {
			isa = PBXGroup;
			children = (
				A572C6D7296F5FCB006EC801 /* AppDelegate.swift */,
				A572C6D9296F5FCB006EC801 /* SceneDelegate.swift */,
			);
			path = App;
			sourceTree = "<group>";
		};
/* End PBXGroup section */

/* Begin PBXNativeTarget section */
		A572C6D3296F5FCB006EC801 /* Home Work 14 */ = {
			isa = PBXNativeTarget;
			buildConfigurationList = A572C6E8296F5FCC006EC801 /* Build configuration list for PBXNativeTarget "Home Work 14" */;
			buildPhases = (
				A572C6D0296F5FCB006EC801 /* Sources */,
				A572C6D1296F5FCB006EC801 /* Frameworks */,
				A572C6D2296F5FCB006EC801 /* Resources */,
			);
			buildRules = (
			);
			dependencies = (
			);
			name = "Home Work 14";
			productName = "Home Work 14";
			productReference = A572C6D4296F5FCB006EC801 /* Home Work 14.app */;
			productType = "com.apple.product-type.application";
		};
/* End PBXNativeTarget section */

/* Begin PBXProject section */
		A572C6CC296F5FCB006EC801 /* Project object */ = {
			isa = PBXProject;
			attributes = {
				BuildIndependentTargetsInParallel = 1;
				LastSwiftUpdateCheck = 1420;
				LastUpgradeCheck = 1420;
				TargetAttributes = {
					A572C6D3296F5FCB006EC801 = {
						CreatedOnToolsVersion = 14.2;
					};
				};
			};
			buildConfigurationList = A572C6CF296F5FCB006EC801 /* Build configuration list for PBXProject "Home Work 14" */;
			compatibilityVersion = "Xcode 14.0";
			developmentRegion = en;
			hasScannedForEncodings = 0;
			knownRegions = (
				en,
				Base,
			);
			mainGroup = A572C6CB296F5FCB006EC801;
			productRefGroup = A572C6D5296F5FCB006EC801 /* Products */;
			projectDirPath = "";
			projectRoot = "";
			targets = (
				A572C6D3296F5FCB006EC801 /* Home Work 14 */,
			);
		};
/* End PBXProject section */

/* Begin PBXResourcesBuildPhase section */
		A572C6D2296F5FCB006EC801 /* Resources */ = {
			isa = PBXResourcesBuildPhase;
			buildActionMask = 2147483647;
			files = (
				A572C6E4296F5FCC006EC801 /* LaunchScreen.storyboard in Resources */,
				A572C6E1296F5FCC006EC801 /* Assets.xcassets in Resources */,
			);
			runOnlyForDeploymentPostprocessing = 0;
		};
/* End PBXResourcesBuildPhase section */

/* Begin PBXSourcesBuildPhase section */
		A572C6D0296F5FCB006EC801 /* Sources */ = {
			isa = PBXSourcesBuildPhase;
			buildActionMask = 2147483647;
			files = (
				A572C6F5296F8F13006EC801 /* MyAlbumViewCell.swift in Sources */,
				A572C6F3296F7AA9006EC801 /* AlbumsCellHeader.swift in Sources */,
				A572C6DC296F5FCB006EC801 /* AlbumsViewController.swift in Sources */,
				A54AF57F2970D23A00178D19 /* MediAndUtilitiesCell.swift in Sources */,
				A572C6F1296F6B46006EC801 /* AlbumsCell.swift in Sources */,
				A572C6D8296F5FCB006EC801 /* AppDelegate.swift in Sources */,
				A572C6EF296F6777006EC801 /* Albums Model.swift in Sources */,
				A572C6DA296F5FCB006EC801 /* SceneDelegate.swift in Sources */,
			);
			runOnlyForDeploymentPostprocessing = 0;
		};
/* End PBXSourcesBuildPhase section */

/* Begin PBXVariantGroup section */
		A572C6E2296F5FCC006EC801 /* LaunchScreen.storyboard */ = {
			isa = PBXVariantGroup;
			children = (
				A572C6E3296F5FCC006EC801 /* Base */,
			);
			name = LaunchScreen.storyboard;
			sourceTree = "<group>";
		};
/* End PBXVariantGroup section */

/* Begin XCBuildConfiguration section */
		A572C6E6296F5FCC006EC801 /* Debug */ = {
			isa = XCBuildConfiguration;
			buildSettings = {
				ALWAYS_SEARCH_USER_PATHS = NO;
				CLANG_ANALYZER_NONNULL = YES;
				CLANG_ANALYZER_NUMBER_OBJECT_CONVERSION = YES_AGGRESSIVE;
				CLANG_CXX_LANGUAGE_STANDARD = "gnu++20";
				CLANG_ENABLE_MODULES = YES;
				CLANG_ENABLE_OBJC_ARC = YES;
				CLANG_ENABLE_OBJC_WEAK = YES;
				CLANG_WARN_BLOCK_CAPTURE_AUTORELEASING = YES;
				CLANG_WARN_BOOL_CONVERSION = YES;
				CLANG_WARN_COMMA = YES;
				CLANG_WARN_CONSTANT_CONVERSION = YES;
				CLANG_WARN_DEPRECATED_OBJC_IMPLEMENTATIONS = YES;
				CLANG_WARN_DIRECT_OBJC_ISA_USAGE = YES_ERROR;
				CLANG_WARN_DOCUMENTATION_COMMENTS = YES;
				CLANG_WARN_EMPTY_BODY = YES;
				CLANG_WARN_ENUM_CONVERSION = YES;
				CLANG_WARN_INFINITE_RECURSION = YES;
				CLANG_WARN_INT_CONVERSION = YES;
				CLANG_WARN_NON_LITERAL_NULL_CONVERSION = YES;
				CLANG_WARN_OBJC_IMPLICIT_RETAIN_SELF = YES;
				CLANG_WARN_OBJC_LITERAL_CONVERSION = YES;
				CLANG_WARN_OBJC_ROOT_CLASS = YES_ERROR;
				CLANG_WARN_QUOTED_INCLUDE_IN_FRAMEWORK_HEADER = YES;
				CLANG_WARN_RANGE_LOOP_ANALYSIS = YES;
				CLANG_WARN_STRICT_PROTOTYPES = YES;
				CLANG_WARN_SUSPICIOUS_MOVE = YES;
				CLANG_WARN_UNGUARDED_AVAILABILITY = YES_AGGRESSIVE;
				CLANG_WARN_UNREACHABLE_CODE = YES;
				CLANG_WARN__DUPLICATE_METHOD_MATCH = YES;
				COPY_PHASE_STRIP = NO;
				DEBUG_INFORMATION_FORMAT = dwarf;
				ENABLE_STRICT_OBJC_MSGSEND = YES;
				ENABLE_TESTABILITY = YES;
				GCC_C_LANGUAGE_STANDARD = gnu11;
				GCC_DYNAMIC_NO_PIC = NO;
				GCC_NO_COMMON_BLOCKS = YES;
				GCC_OPTIMIZATION_LEVEL = 0;
				GCC_PREPROCESSOR_DEFINITIONS = (
					"DEBUG=1",
					"$(inherited)",
				);
				GCC_WARN_64_TO_32_BIT_CONVERSION = YES;
				GCC_WARN_ABOUT_RETURN_TYPE = YES_ERROR;
				GCC_WARN_UNDECLARED_SELECTOR = YES;
				GCC_WARN_UNINITIALIZED_AUTOS = YES_AGGRESSIVE;
				GCC_WARN_UNUSED_FUNCTION = YES;
				GCC_WARN_UNUSED_VARIABLE = YES;
				IPHONEOS_DEPLOYMENT_TARGET = 15.0;
				MTL_ENABLE_DEBUG_INFO = INCLUDE_SOURCE;
				MTL_FAST_MATH = YES;
				ONLY_ACTIVE_ARCH = YES;
				SDKROOT = iphoneos;
				SWIFT_ACTIVE_COMPILATION_CONDITIONS = DEBUG;
				SWIFT_OPTIMIZATION_LEVEL = "-Onone";
			};
			name = Debug;
		};
		A572C6E7296F5FCC006EC801 /* Release */ = {
			isa = XCBuildConfiguration;
			buildSettings = {
				ALWAYS_SEARCH_USER_PATHS = NO;
				CLANG_ANALYZER_NONNULL = YES;
				CLANG_ANALYZER_NUMBER_OBJECT_CONVERSION = YES_AGGRESSIVE;
				CLANG_CXX_LANGUAGE_STANDARD = "gnu++20";
				CLANG_ENABLE_MODULES = YES;
				CLANG_ENABLE_OBJC_ARC = YES;
				CLANG_ENABLE_OBJC_WEAK = YES;
				CLANG_WARN_BLOCK_CAPTURE_AUTORELEASING = YES;
				CLANG_WARN_BOOL_CONVERSION = YES;
				CLANG_WARN_COMMA = YES;
				CLANG_WARN_CONSTANT_CONVERSION = YES;
				CLANG_WARN_DEPRECATED_OBJC_IMPLEMENTATIONS = YES;
				CLANG_WARN_DIRECT_OBJC_ISA_USAGE = YES_ERROR;
				CLANG_WARN_DOCUMENTATION_COMMENTS = YES;
				CLANG_WARN_EMPTY_BODY = YES;
				CLANG_WARN_ENUM_CONVERSION = YES;
				CLANG_WARN_INFINITE_RECURSION = YES;
				CLANG_WARN_INT_CONVERSION = YES;
				CLANG_WARN_NON_LITERAL_NULL_CONVERSION = YES;
				CLANG_WARN_OBJC_IMPLICIT_RETAIN_SELF = YES;
				CLANG_WARN_OBJC_LITERAL_CONVERSION = YES;
				CLANG_WARN_OBJC_ROOT_CLASS = YES_ERROR;
				CLANG_WARN_QUOTED_INCLUDE_IN_FRAMEWORK_HEADER = YES;
				CLANG_WARN_RANGE_LOOP_ANALYSIS = YES;
				CLANG_WARN_STRICT_PROTOTYPES = YES;
				CLANG_WARN_SUSPICIOUS_MOVE = YES;
				CLANG_WARN_UNGUARDED_AVAILABILITY = YES_AGGRESSIVE;
				CLANG_WARN_UNREACHABLE_CODE = YES;
				CLANG_WARN__DUPLICATE_METHOD_MATCH = YES;
				COPY_PHASE_STRIP = NO;
				DEBUG_INFORMATION_FORMAT = "dwarf-with-dsym";
				ENABLE_NS_ASSERTIONS = NO;
				ENABLE_STRICT_OBJC_MSGSEND = YES;
				GCC_C_LANGUAGE_STANDARD = gnu11;
				GCC_NO_COMMON_BLOCKS = YES;
				GCC_WARN_64_TO_32_BIT_CONVERSION = YES;
				GCC_WARN_ABOUT_RETURN_TYPE = YES_ERROR;
				GCC_WARN_UNDECLARED_SELECTOR = YES;
				GCC_WARN_UNINITIALIZED_AUTOS = YES_AGGRESSIVE;
				GCC_WARN_UNUSED_FUNCTION = YES;
				GCC_WARN_UNUSED_VARIABLE = YES;
				IPHONEOS_DEPLOYMENT_TARGET = 15.0;
				MTL_ENABLE_DEBUG_INFO = NO;
				MTL_FAST_MATH = YES;
				SDKROOT = iphoneos;
				SWIFT_COMPILATION_MODE = wholemodule;
				SWIFT_OPTIMIZATION_LEVEL = "-O";
				VALIDATE_PRODUCT = YES;
			};
			name = Release;
		};
		A572C6E9296F5FCC006EC801 /* Debug */ = {
			isa = XCBuildConfiguration;
			buildSettings = {
				ASSETCATALOG_COMPILER_APPICON_NAME = AppIcon;
				ASSETCATALOG_COMPILER_GLOBAL_ACCENT_COLOR_NAME = AccentColor;
				CODE_SIGN_STYLE = Automatic;
				CURRENT_PROJECT_VERSION = 1;
				DEVELOPMENT_TEAM = 8PHY3R68LB;
				GENERATE_INFOPLIST_FILE = YES;
				INFOPLIST_FILE = "Home Work 14/Resources/Info.plist";
				INFOPLIST_KEY_UIApplicationSupportsIndirectInputEvents = YES;
				INFOPLIST_KEY_UILaunchStoryboardName = LaunchScreen;
				INFOPLIST_KEY_UISupportedInterfaceOrientations_iPad = "UIInterfaceOrientationPortrait UIInterfaceOrientationPortraitUpsideDown UIInterfaceOrientationLandscapeLeft UIInterfaceOrientationLandscapeRight";
				INFOPLIST_KEY_UISupportedInterfaceOrientations_iPhone = "UIInterfaceOrientationPortrait UIInterfaceOrientationLandscapeLeft UIInterfaceOrientationLandscapeRight";
				IPHONEOS_DEPLOYMENT_TARGET = 15.0;
				LD_RUNPATH_SEARCH_PATHS = (
					"$(inherited)",
					"@executable_path/Frameworks",
				);
				MARKETING_VERSION = 1.0;
				PRODUCT_BUNDLE_IDENTIFIER = "com.my.Home-Work-14";
				PRODUCT_NAME = "$(TARGET_NAME)";
				SWIFT_EMIT_LOC_STRINGS = YES;
				SWIFT_VERSION = 5.0;
				TARGETED_DEVICE_FAMILY = "1,2";
			};
			name = Debug;
		};
		A572C6EA296F5FCC006EC801 /* Release */ = {
			isa = XCBuildConfiguration;
			buildSettings = {
				ASSETCATALOG_COMPILER_APPICON_NAME = AppIcon;
				ASSETCATALOG_COMPILER_GLOBAL_ACCENT_COLOR_NAME = AccentColor;
				CODE_SIGN_STYLE = Automatic;
				CURRENT_PROJECT_VERSION = 1;
				DEVELOPMENT_TEAM = 8PHY3R68LB;
				GENERATE_INFOPLIST_FILE = YES;
				INFOPLIST_FILE = "Home Work 14/Resources/Info.plist";
				INFOPLIST_KEY_UIApplicationSupportsIndirectInputEvents = YES;
				INFOPLIST_KEY_UILaunchStoryboardName = LaunchScreen;
				INFOPLIST_KEY_UISupportedInterfaceOrientations_iPad = "UIInterfaceOrientationPortrait UIInterfaceOrientationPortraitUpsideDown UIInterfaceOrientationLandscapeLeft UIInterfaceOrientationLandscapeRight";
				INFOPLIST_KEY_UISupportedInterfaceOrientations_iPhone = "UIInterfaceOrientationPortrait UIInterfaceOrientationLandscapeLeft UIInterfaceOrientationLandscapeRight";
				IPHONEOS_DEPLOYMENT_TARGET = 15.0;
				LD_RUNPATH_SEARCH_PATHS = (
					"$(inherited)",
					"@executable_path/Frameworks",
				);
				MARKETING_VERSION = 1.0;
				PRODUCT_BUNDLE_IDENTIFIER = "com.my.Home-Work-14";
				PRODUCT_NAME = "$(TARGET_NAME)";
				SWIFT_EMIT_LOC_STRINGS = YES;
				SWIFT_VERSION = 5.0;
				TARGETED_DEVICE_FAMILY = "1,2";
			};
			name = Release;
		};
/* End XCBuildConfiguration section */

/* Begin XCConfigurationList section */
		A572C6CF296F5FCB006EC801 /* Build configuration list for PBXProject "Home Work 14" */ = {
			isa = XCConfigurationList;
			buildConfigurations = (
				A572C6E6296F5FCC006EC801 /* Debug */,
				A572C6E7296F5FCC006EC801 /* Release */,
			);
			defaultConfigurationIsVisible = 0;
			defaultConfigurationName = Release;
		};
		A572C6E8296F5FCC006EC801 /* Build configuration list for PBXNativeTarget "Home Work 14" */ = {
			isa = XCConfigurationList;
			buildConfigurations = (
				A572C6E9296F5FCC006EC801 /* Debug */,
				A572C6EA296F5FCC006EC801 /* Release */,
			);
			defaultConfigurationIsVisible = 0;
			defaultConfigurationName = Release;
		};
/* End XCConfigurationList section */
	};
	rootObject = A572C6CC296F5FCB006EC801 /* Project object */;
}
